
Microsoft Visual Studio Solution File, Format Version 12.00
# Visual Studio Version 16
VisualStudioVersion = 16.0.30717.126
MinimumVisualStudioVersion = 10.0.40219.1
Project("{FAE04EC0-301F-11D3-BF4B-00C04F79EFBC}") = "geodesy-csharp", "geodesy-csharp\geodesy-csharp.csproj", "{17B3A47F-A408-4DFF-9A7D-8B8A5298F30C}"
EndProject
Project("{FAE04EC0-301F-11D3-BF4B-00C04F79EFBC}") = "geodesy-test", "geodesy-test\geodesy-test.csproj", "{EF380199-85B1-4CC9-9C25-E8ABB85E8DC2}"
EndProject
Global
	GlobalSection(SolutionConfigurationPlatforms) = preSolution
		Debug|Any CPU = Debug|Any CPU
		Release|Any CPU = Release|Any CPU
	EndGlobalSection
	GlobalSection(ProjectConfigurationPlatforms) = postSolution
		{17B3A47F-A408-4DFF-9A7D-8B8A5298F30C}.Debug|Any CPU.ActiveCfg = Debug|Any CPU
		{17B3A47F-A408-4DFF-9A7D-8B8A5298F30C}.Debug|Any CPU.Build.0 = Debug|Any CPU
		{17B3A47F-A408-4DFF-9A7D-8B8A5298F30C}.Release|Any CPU.ActiveCfg = Release|Any CPU
		{17B3A47F-A408-4DFF-9A7D-8B8A5298F30C}.Release|Any CPU.Build.0 = Release|Any CPU
		{EF380199-85B1-4CC9-9C25-E8ABB85E8DC2}.Debug|Any CPU.ActiveCfg = Debug|Any CPU
		{EF380199-85B1-4CC9-9C25-E8ABB85E8DC2}.Debug|Any CPU.Build.0 = Debug|Any CPU
		{EF380199-85B1-4CC9-9C25-E8ABB85E8DC2}.Release|Any CPU.ActiveCfg = Release|Any CPU
		{EF380199-85B1-4CC9-9C25-E8ABB85E8DC2}.Release|Any CPU.Build.0 = Release|Any CPU
	EndGlobalSection
	GlobalSection(SolutionProperties) = preSolution
		HideSolutionNode = FALSE
	EndGlobalSection
	GlobalSection(ExtensibilityGlobals) = postSolution
		SolutionGuid = {0D5AB067-2010-45C0-AC29-6B171ADD1246}
	EndGlobalSection
EndGlobal
